
Microsoft Visual Studio Solution File, Format Version 12.00
# Visual Studio 14
VisualStudioVersion = 14.0.25420.1
MinimumVisualStudioVersion = 10.0.40219.1
Project("{8BC9CEB8-8B4A-11D0-8D11-00A0C91BC942}") = "Gameplay", "Gameplay.vcxproj", "{A657C5BE-429A-4EBA-82A2-059C69F93B24}"
	ProjectSection(ProjectDependencies) = postProject
		{86B9F234-94DE-4B24-9601-F994C7694194} = {86B9F234-94DE-4B24-9601-F994C7694194}
		{D1A5A073-0774-4A54-9C5C-C59FACF36A55} = {D1A5A073-0774-4A54-9C5C-C59FACF36A55}
		{7B43CC99-C3A5-44E5-8CD1-720D04E6DEA4} = {7B43CC99-C3A5-44E5-8CD1-720D04E6DEA4}
		{0A0FE7D1-25F1-4AF2-955F-96E16673E866} = {0A0FE7D1-25F1-4AF2-955F-96E16673E866}
	EndProjectSection
EndProject
Project("{2150E333-8FDC-42A3-9474-1A3956D46DE8}") = "Game", "Game", "{B6DE5A13-D957-49DF-9479-86787D049CAA}"
EndProject
Project("{2150E333-8FDC-42A3-9474-1A3956D46DE8}") = "Engine", "Engine", "{BD64B144-CC28-4A3C-8DF9-107F70079CA9}"
EndProject
Project("{8BC9CEB8-8B4A-11D0-8D11-00A0C91BC942}") = "DebugFunctions", "Code\Engine\DebugFunctions\DebugFunctions.vcxproj", "{FEC11094-3849-4FC6-AB66-5EAD00EFE84A}"
EndProject
Project("{8BC9CEB8-8B4A-11D0-8D11-00A0C91BC942}") = "GameObject", "Code\Engine\GameObject\GameObject.vcxproj", "{7B43CC99-C3A5-44E5-8CD1-720D04E6DEA4}"
	ProjectSection(ProjectDependencies) = postProject
		{3428B225-AB6C-4D01-B5AA-CDDF9700D8DA} = {3428B225-AB6C-4D01-B5AA-CDDF9700D8DA}
		{C66B247D-04D0-49CB-B9A1-F0370E51A669} = {C66B247D-04D0-49CB-B9A1-F0370E51A669}
		{FEC11094-3849-4FC6-AB66-5EAD00EFE84A} = {FEC11094-3849-4FC6-AB66-5EAD00EFE84A}
		{0A0FE7D1-25F1-4AF2-955F-96E16673E866} = {0A0FE7D1-25F1-4AF2-955F-96E16673E866}
	EndProjectSection
EndProject
Project("{8BC9CEB8-8B4A-11D0-8D11-00A0C91BC942}") = "Math", "Code\Engine\Math\Math.vcxproj", "{3428B225-AB6C-4D01-B5AA-CDDF9700D8DA}"
EndProject
Project("{8BC9CEB8-8B4A-11D0-8D11-00A0C91BC942}") = "Physics", "Code\Engine\Physics\Physics.vcxproj", "{C66B247D-04D0-49CB-B9A1-F0370E51A669}"
	ProjectSection(ProjectDependencies) = postProject
		{3428B225-AB6C-4D01-B5AA-CDDF9700D8DA} = {3428B225-AB6C-4D01-B5AA-CDDF9700D8DA}
		{FEC11094-3849-4FC6-AB66-5EAD00EFE84A} = {FEC11094-3849-4FC6-AB66-5EAD00EFE84A}
	EndProjectSection
EndProject
Project("{8BC9CEB8-8B4A-11D0-8D11-00A0C91BC942}") = "Sprite", "Code\Engine\Sprite\Sprite.vcxproj", "{0A0FE7D1-25F1-4AF2-955F-96E16673E866}"
	ProjectSection(ProjectDependencies) = postProject
		{FEC11094-3849-4FC6-AB66-5EAD00EFE84A} = {FEC11094-3849-4FC6-AB66-5EAD00EFE84A}
	EndProjectSection
EndProject
Project("{8BC9CEB8-8B4A-11D0-8D11-00A0C91BC942}") = "Timing", "Code\Engine\Timing\Timing.vcxproj", "{86B9F234-94DE-4B24-9601-F994C7694194}"
	ProjectSection(ProjectDependencies) = postProject
		{FEC11094-3849-4FC6-AB66-5EAD00EFE84A} = {FEC11094-3849-4FC6-AB66-5EAD00EFE84A}
	EndProjectSection
EndProject
Project("{8BC9CEB8-8B4A-11D0-8D11-00A0C91BC942}") = "UserInput", "Code\Engine\UserInput\UserInput.vcxproj", "{7FA621E1-C9FE-44B2-AA62-C1E65075B8AE}"
EndProject
Project("{8BC9CEB8-8B4A-11D0-8D11-00A0C91BC942}") = "Windows", "Code\Engine\Windows\Windows.vcxproj", "{D1A5A073-0774-4A54-9C5C-C59FACF36A55}"
	ProjectSection(ProjectDependencies) = postProject
		{FEC11094-3849-4FC6-AB66-5EAD00EFE84A} = {FEC11094-3849-4FC6-AB66-5EAD00EFE84A}
	EndProjectSection
EndProject
Global
	GlobalSection(SolutionConfigurationPlatforms) = preSolution
		Debug|x64 = Debug|x64
		Debug|x86 = Debug|x86
		Release|x64 = Release|x64
		Release|x86 = Release|x86
	EndGlobalSection
	GlobalSection(ProjectConfigurationPlatforms) = postSolution
		{A657C5BE-429A-4EBA-82A2-059C69F93B24}.Debug|x64.ActiveCfg = Debug|x64
		{A657C5BE-429A-4EBA-82A2-059C69F93B24}.Debug|x64.Build.0 = Debug|x64
		{A657C5BE-429A-4EBA-82A2-059C69F93B24}.Debug|x86.ActiveCfg = Debug|Win32
		{A657C5BE-429A-4EBA-82A2-059C69F93B24}.Debug|x86.Build.0 = Debug|Win32
		{A657C5BE-429A-4EBA-82A2-059C69F93B24}.Release|x64.ActiveCfg = Release|x64
		{A657C5BE-429A-4EBA-82A2-059C69F93B24}.Release|x64.Build.0 = Release|x64
		{A657C5BE-429A-4EBA-82A2-059C69F93B24}.Release|x86.ActiveCfg = Release|Win32
		{A657C5BE-429A-4EBA-82A2-059C69F93B24}.Release|x86.Build.0 = Release|Win32
		{FEC11094-3849-4FC6-AB66-5EAD00EFE84A}.Debug|x64.ActiveCfg = Debug|x64
		{FEC11094-3849-4FC6-AB66-5EAD00EFE84A}.Debug|x64.Build.0 = Debug|x64
		{FEC11094-3849-4FC6-AB66-5EAD00EFE84A}.Debug|x86.ActiveCfg = Debug|Win32
		{FEC11094-3849-4FC6-AB66-5EAD00EFE84A}.Debug|x86.Build.0 = Debug|Win32
		{FEC11094-3849-4FC6-AB66-5EAD00EFE84A}.Release|x64.ActiveCfg = Release|x64
		{FEC11094-3849-4FC6-AB66-5EAD00EFE84A}.Release|x64.Build.0 = Release|x64
		{FEC11094-3849-4FC6-AB66-5EAD00EFE84A}.Release|x86.ActiveCfg = Release|Win32
		{FEC11094-3849-4FC6-AB66-5EAD00EFE84A}.Release|x86.Build.0 = Release|Win32
		{7B43CC99-C3A5-44E5-8CD1-720D04E6DEA4}.Debug|x64.ActiveCfg = Debug|x64
		{7B43CC99-C3A5-44E5-8CD1-720D04E6DEA4}.Debug|x64.Build.0 = Debug|x64
		{7B43CC99-C3A5-44E5-8CD1-720D04E6DEA4}.Debug|x86.ActiveCfg = Debug|Win32
		{7B43CC99-C3A5-44E5-8CD1-720D04E6DEA4}.Debug|x86.Build.0 = Debug|Win32
		{7B43CC99-C3A5-44E5-8CD1-720D04E6DEA4}.Release|x64.ActiveCfg = Release|x64
		{7B43CC99-C3A5-44E5-8CD1-720D04E6DEA4}.Release|x64.Build.0 = Release|x64
		{7B43CC99-C3A5-44E5-8CD1-720D04E6DEA4}.Release|x86.ActiveCfg = Release|Win32
		{7B43CC99-C3A5-44E5-8CD1-720D04E6DEA4}.Release|x86.Build.0 = Release|Win32
		{3428B225-AB6C-4D01-B5AA-CDDF9700D8DA}.Debug|x64.ActiveCfg = Debug|x64
		{3428B225-AB6C-4D01-B5AA-CDDF9700D8DA}.Debug|x64.Build.0 = Debug|x64
		{3428B225-AB6C-4D01-B5AA-CDDF9700D8DA}.Debug|x86.ActiveCfg = Debug|Win32
		{3428B225-AB6C-4D01-B5AA-CDDF9700D8DA}.Debug|x86.Build.0 = Debug|Win32
		{3428B225-AB6C-4D01-B5AA-CDDF9700D8DA}.Release|x64.ActiveCfg = Release|x64
		{3428B225-AB6C-4D01-B5AA-CDDF9700D8DA}.Release|x64.Build.0 = Release|x64
		{3428B225-AB6C-4D01-B5AA-CDDF9700D8DA}.Release|x86.ActiveCfg = Release|Win32
		{3428B225-AB6C-4D01-B5AA-CDDF9700D8DA}.Release|x86.Build.0 = Release|Win32
		{C66B247D-04D0-49CB-B9A1-F0370E51A669}.Debug|x64.ActiveCfg = Debug|x64
		{C66B247D-04D0-49CB-B9A1-F0370E51A669}.Debug|x64.Build.0 = Debug|x64
		{C66B247D-04D0-49CB-B9A1-F0370E51A669}.Debug|x86.ActiveCfg = Debug|Win32
		{C66B247D-04D0-49CB-B9A1-F0370E51A669}.Debug|x86.Build.0 = Debug|Win32
		{C66B247D-04D0-49CB-B9A1-F0370E51A669}.Release|x64.ActiveCfg = Release|x64
		{C66B247D-04D0-49CB-B9A1-F0370E51A669}.Release|x64.Build.0 = Release|x64
		{C66B247D-04D0-49CB-B9A1-F0370E51A669}.Release|x86.ActiveCfg = Release|Win32
		{C66B247D-04D0-49CB-B9A1-F0370E51A669}.Release|x86.Build.0 = Release|Win32
		{0A0FE7D1-25F1-4AF2-955F-96E16673E866}.Debug|x64.ActiveCfg = Debug|x64
		{0A0FE7D1-25F1-4AF2-955F-96E16673E866}.Debug|x64.Build.0 = Debug|x64
		{0A0FE7D1-25F1-4AF2-955F-96E16673E866}.Debug|x86.ActiveCfg = Debug|Win32
		{0A0FE7D1-25F1-4AF2-955F-96E16673E866}.Debug|x86.Build.0 = Debug|Win32
		{0A0FE7D1-25F1-4AF2-955F-96E16673E866}.Release|x64.ActiveCfg = Release|x64
		{0A0FE7D1-25F1-4AF2-955F-96E16673E866}.Release|x64.Build.0 = Release|x64
		{0A0FE7D1-25F1-4AF2-955F-96E16673E866}.Release|x86.ActiveCfg = Release|Win32
		{0A0FE7D1-25F1-4AF2-955F-96E16673E866}.Release|x86.Build.0 = Release|Win32
		{86B9F234-94DE-4B24-9601-F994C7694194}.Debug|x64.ActiveCfg = Debug|x64
		{86B9F234-94DE-4B24-9601-F994C7694194}.Debug|x64.Build.0 = Debug|x64
		{86B9F234-94DE-4B24-9601-F994C7694194}.Debug|x86.ActiveCfg = Debug|Win32
		{86B9F234-94DE-4B24-9601-F994C7694194}.Debug|x86.Build.0 = Debug|Win32
		{86B9F234-94DE-4B24-9601-F994C7694194}.Release|x64.ActiveCfg = Release|x64
		{86B9F234-94DE-4B24-9601-F994C7694194}.Release|x64.Build.0 = Release|x64
		{86B9F234-94DE-4B24-9601-F994C7694194}.Release|x86.ActiveCfg = Release|Win32
		{86B9F234-94DE-4B24-9601-F994C7694194}.Release|x86.Build.0 = Release|Win32
		{7FA621E1-C9FE-44B2-AA62-C1E65075B8AE}.Debug|x64.ActiveCfg = Debug|x64
		{7FA621E1-C9FE-44B2-AA62-C1E65075B8AE}.Debug|x64.Build.0 = Debug|x64
		{7FA621E1-C9FE-44B2-AA62-C1E65075B8AE}.Debug|x86.ActiveCfg = Debug|Win32
		{7FA621E1-C9FE-44B2-AA62-C1E65075B8AE}.Debug|x86.Build.0 = Debug|Win32
		{7FA621E1-C9FE-44B2-AA62-C1E65075B8AE}.Release|x64.ActiveCfg = Release|x64
		{7FA621E1-C9FE-44B2-AA62-C1E65075B8AE}.Release|x64.Build.0 = Release|x64
		{7FA621E1-C9FE-44B2-AA62-C1E65075B8AE}.Release|x86.ActiveCfg = Release|Win32
		{7FA621E1-C9FE-44B2-AA62-C1E65075B8AE}.Release|x86.Build.0 = Release|Win32
		{D1A5A073-0774-4A54-9C5C-C59FACF36A55}.Debug|x64.ActiveCfg = Debug|x64
		{D1A5A073-0774-4A54-9C5C-C59FACF36A55}.Debug|x64.Build.0 = Debug|x64
		{D1A5A073-0774-4A54-9C5C-C59FACF36A55}.Debug|x86.ActiveCfg = Debug|Win32
		{D1A5A073-0774-4A54-9C5C-C59FACF36A55}.Debug|x86.Build.0 = Debug|Win32
		{D1A5A073-0774-4A54-9C5C-C59FACF36A55}.Release|x64.ActiveCfg = Release|x64
		{D1A5A073-0774-4A54-9C5C-C59FACF36A55}.Release|x64.Build.0 = Release|x64
		{D1A5A073-0774-4A54-9C5C-C59FACF36A55}.Release|x86.ActiveCfg = Release|Win32
		{D1A5A073-0774-4A54-9C5C-C59FACF36A55}.Release|x86.Build.0 = Release|Win32
	EndGlobalSection
	GlobalSection(SolutionProperties) = preSolution
		HideSolutionNode = FALSE
	EndGlobalSection
	GlobalSection(NestedProjects) = preSolution
		{A657C5BE-429A-4EBA-82A2-059C69F93B24} = {B6DE5A13-D957-49DF-9479-86787D049CAA}
		{FEC11094-3849-4FC6-AB66-5EAD00EFE84A} = {BD64B144-CC28-4A3C-8DF9-107F70079CA9}
		{7B43CC99-C3A5-44E5-8CD1-720D04E6DEA4} = {BD64B144-CC28-4A3C-8DF9-107F70079CA9}
		{3428B225-AB6C-4D01-B5AA-CDDF9700D8DA} = {BD64B144-CC28-4A3C-8DF9-107F70079CA9}
		{C66B247D-04D0-49CB-B9A1-F0370E51A669} = {BD64B144-CC28-4A3C-8DF9-107F70079CA9}
		{0A0FE7D1-25F1-4AF2-955F-96E16673E866} = {BD64B144-CC28-4A3C-8DF9-107F70079CA9}
		{86B9F234-94DE-4B24-9601-F994C7694194} = {BD64B144-CC28-4A3C-8DF9-107F70079CA9}
		{7FA621E1-C9FE-44B2-AA62-C1E65075B8AE} = {BD64B144-CC28-4A3C-8DF9-107F70079CA9}
		{D1A5A073-0774-4A54-9C5C-C59FACF36A55} = {BD64B144-CC28-4A3C-8DF9-107F70079CA9}
	EndGlobalSection
EndGlobal
